
Microsoft Visual Studio Solution File, Format Version 12.00
# Visual Studio Version 17
VisualStudioVersion = 17.6.33829.357
MinimumVisualStudioVersion = 10.0.40219.1
Project("{FAE04EC0-301F-11D3-BF4B-00C04F79EFBC}") = "changeExcel", "changeExcel.csproj", "{70A24F17-29A3-447E-8555-843A5C4DCFD3}"
EndProject
Global
	GlobalSection(SolutionConfigurationPlatforms) = preSolution
		Debug|Any CPU = Debug|Any CPU
		Release|Any CPU = Release|Any CPU
	EndGlobalSection
	GlobalSection(ProjectConfigurationPlatforms) = postSolution
		{70A24F17-29A3-447E-8555-843A5C4DCFD3}.Debug|Any CPU.ActiveCfg = Debug|Any CPU
		{70A24F17-29A3-447E-8555-843A5C4DCFD3}.Debug|Any CPU.Build.0 = Debug|Any CPU
		{70A24F17-29A3-447E-8555-843A5C4DCFD3}.Release|Any CPU.ActiveCfg = Release|Any CPU
		{70A24F17-29A3-447E-8555-843A5C4DCFD3}.Release|Any CPU.Build.0 = Release|Any CPU
	EndGlobalSection
	GlobalSection(SolutionProperties) = preSolution
		HideSolutionNode = FALSE
	EndGlobalSection
	GlobalSection(ExtensibilityGlobals) = postSolution
		SolutionGuid = {033F8720-9788-4D31-BAC8-C05F084A6BE1}
	EndGlobalSection
EndGlobal
